
Microsoft Visual Studio Solution File, Format Version 12.00
Project("{FAE04EC0-301F-11D3-BF4B-00C04F79EFBC}") = "Rename-Simai-Folder", "Rename-Simai-Folder\Rename-Simai-Folder.csproj", "{93798C79-A537-45E0-BD04-5BBCC66134C1}"
EndProject
Global
	GlobalSection(SolutionConfigurationPlatforms) = preSolution
		Debug|Any CPU = Debug|Any CPU
		Release|Any CPU = Release|Any CPU
	EndGlobalSection
	GlobalSection(ProjectConfigurationPlatforms) = postSolution
		{93798C79-A537-45E0-BD04-5BBCC66134C1}.Debug|Any CPU.ActiveCfg = Debug|Any CPU
		{93798C79-A537-45E0-BD04-5BBCC66134C1}.Debug|Any CPU.Build.0 = Debug|Any CPU
		{93798C79-A537-45E0-BD04-5BBCC66134C1}.Release|Any CPU.ActiveCfg = Release|Any CPU
		{93798C79-A537-45E0-BD04-5BBCC66134C1}.Release|Any CPU.Build.0 = Release|Any CPU
	EndGlobalSection
EndGlobal
